
Microsoft Visual Studio Solution File, Format Version 12.00
# Visual Studio Version 17
VisualStudioVersion = 17.5.002.0
MinimumVisualStudioVersion = 10.0.40219.1
Project("{9A19103F-16F7-4668-BE54-9A1E7A4F7556}") = "Optimizely Project", "Optimizely Project.csproj", "{654476D7-A6E3-4916-A30C-4F1D79BD9E92}"
EndProject
Global
	GlobalSection(SolutionConfigurationPlatforms) = preSolution
		Debug|Any CPU = Debug|Any CPU
		Release|Any CPU = Release|Any CPU
	EndGlobalSection
	GlobalSection(ProjectConfigurationPlatforms) = postSolution
		{654476D7-A6E3-4916-A30C-4F1D79BD9E92}.Debug|Any CPU.ActiveCfg = Debug|Any CPU
		{654476D7-A6E3-4916-A30C-4F1D79BD9E92}.Debug|Any CPU.Build.0 = Debug|Any CPU
		{654476D7-A6E3-4916-A30C-4F1D79BD9E92}.Release|Any CPU.ActiveCfg = Release|Any CPU
		{654476D7-A6E3-4916-A30C-4F1D79BD9E92}.Release|Any CPU.Build.0 = Release|Any CPU
	EndGlobalSection
	GlobalSection(SolutionProperties) = preSolution
		HideSolutionNode = FALSE
	EndGlobalSection
	GlobalSection(ExtensibilityGlobals) = postSolution
		SolutionGuid = {05797620-D1FD-48B8-BADE-E2B8719641ED}
	EndGlobalSection
EndGlobal
